
Microsoft Visual Studio Solution File, Format Version 12.00
# Visual Studio Version 17
VisualStudioVersion = 17.0.31903.59
MinimumVisualStudioVersion = 10.0.40219.1
Project("{2150E333-8FDC-42A3-9474-1A3956D46DE8}") = "src", "src", "{827E0CD3-B72D-47B6-A68D-7590B98EB39B}"
EndProject
Project("{FAE04EC0-301F-11D3-BF4B-00C04F79EFBC}") = "Shared.Common", "src\Shared.Common\Shared.Common.csproj", "{45CA4D3F-132A-4EF7-B863-C4D5EDA528B6}"
EndProject
Project("{FAE04EC0-301F-11D3-BF4B-00C04F79EFBC}") = "Shared.Observability", "src\Shared.Observability\Shared.Observability.csproj", "{9C713DC1-C93C-4E55-A074-437A37024228}"
EndProject
Project("{FAE04EC0-301F-11D3-BF4B-00C04F79EFBC}") = "Messaging.Contracts", "src\Messaging.Contracts\Messaging.Contracts.csproj", "{070F9515-D8B1-4E37-8864-635D09EC3ECD}"
EndProject
Project("{FAE04EC0-301F-11D3-BF4B-00C04F79EFBC}") = "Order.Domain", "src\Order.Domain\Order.Domain.csproj", "{AFFC69CD-3947-4D22-9B2B-F35D4FA61C48}"
EndProject
Project("{FAE04EC0-301F-11D3-BF4B-00C04F79EFBC}") = "Order.Application", "src\Order.Application\Order.Application.csproj", "{BAAE4314-F117-4969-8143-7E9CB384EDB2}"
EndProject
Project("{FAE04EC0-301F-11D3-BF4B-00C04F79EFBC}") = "Order.Infrastructure", "src\Order.Infrastructure\Order.Infrastructure.csproj", "{DAB854F0-E86C-4119-A767-8300ADC32DFD}"
EndProject
Project("{FAE04EC0-301F-11D3-BF4B-00C04F79EFBC}") = "Order.Api", "src\Order.Api\Order.Api.csproj", "{AD52AA6F-7291-4417-8107-38F689BD5137}"
EndProject
Project("{FAE04EC0-301F-11D3-BF4B-00C04F79EFBC}") = "Payment.Consumer", "src\Payment.Consumer\Payment.Consumer.csproj", "{B588981B-129D-4095-B464-7A3442B674DB}"
EndProject
Project("{FAE04EC0-301F-11D3-BF4B-00C04F79EFBC}") = "Kitchen.Consumer", "src\Kitchen.Consumer\Kitchen.Consumer.csproj", "{EDF95FB6-BACB-4A5C-9E70-2E3273B333B7}"
EndProject
Project("{FAE04EC0-301F-11D3-BF4B-00C04F79EFBC}") = "Order.Tests", "tests\Order.Tests\Order.Tests.csproj", "{489C7629-BB5F-4EA3-9FCE-F4C49493905A}"
EndProject
Project("{FAE04EC0-301F-11D3-BF4B-00C04F79EFBC}") = "Integration.Tests", "tests\Integration.Tests\Integration.Tests.csproj", "{0E5685A0-7FE7-4FD2-BC46-5B17453062C2}"
EndProject
Global
	GlobalSection(SolutionConfigurationPlatforms) = preSolution
		Debug|Any CPU = Debug|Any CPU
		Debug|x64 = Debug|x64
		Debug|x86 = Debug|x86
		Release|Any CPU = Release|Any CPU
		Release|x64 = Release|x64
		Release|x86 = Release|x86
	EndGlobalSection
	GlobalSection(ProjectConfigurationPlatforms) = postSolution
		{45CA4D3F-132A-4EF7-B863-C4D5EDA528B6}.Debug|Any CPU.ActiveCfg = Debug|Any CPU
		{45CA4D3F-132A-4EF7-B863-C4D5EDA528B6}.Debug|Any CPU.Build.0 = Debug|Any CPU
		{45CA4D3F-132A-4EF7-B863-C4D5EDA528B6}.Debug|x64.ActiveCfg = Debug|Any CPU
		{45CA4D3F-132A-4EF7-B863-C4D5EDA528B6}.Debug|x64.Build.0 = Debug|Any CPU
		{45CA4D3F-132A-4EF7-B863-C4D5EDA528B6}.Debug|x86.ActiveCfg = Debug|Any CPU
		{45CA4D3F-132A-4EF7-B863-C4D5EDA528B6}.Debug|x86.Build.0 = Debug|Any CPU
		{45CA4D3F-132A-4EF7-B863-C4D5EDA528B6}.Release|Any CPU.ActiveCfg = Release|Any CPU
		{45CA4D3F-132A-4EF7-B863-C4D5EDA528B6}.Release|Any CPU.Build.0 = Release|Any CPU
		{45CA4D3F-132A-4EF7-B863-C4D5EDA528B6}.Release|x64.ActiveCfg = Release|Any CPU
		{45CA4D3F-132A-4EF7-B863-C4D5EDA528B6}.Release|x64.Build.0 = Release|Any CPU
		{45CA4D3F-132A-4EF7-B863-C4D5EDA528B6}.Release|x86.ActiveCfg = Release|Any CPU
		{45CA4D3F-132A-4EF7-B863-C4D5EDA528B6}.Release|x86.Build.0 = Release|Any CPU
		{9C713DC1-C93C-4E55-A074-437A37024228}.Debug|Any CPU.ActiveCfg = Debug|Any CPU
		{9C713DC1-C93C-4E55-A074-437A37024228}.Debug|Any CPU.Build.0 = Debug|Any CPU
		{9C713DC1-C93C-4E55-A074-437A37024228}.Debug|x64.ActiveCfg = Debug|Any CPU
		{9C713DC1-C93C-4E55-A074-437A37024228}.Debug|x64.Build.0 = Debug|Any CPU
		{9C713DC1-C93C-4E55-A074-437A37024228}.Debug|x86.ActiveCfg = Debug|Any CPU
		{9C713DC1-C93C-4E55-A074-437A37024228}.Debug|x86.Build.0 = Debug|Any CPU
		{9C713DC1-C93C-4E55-A074-437A37024228}.Release|Any CPU.ActiveCfg = Release|Any CPU
		{9C713DC1-C93C-4E55-A074-437A37024228}.Release|Any CPU.Build.0 = Release|Any CPU
		{9C713DC1-C93C-4E55-A074-437A37024228}.Release|x64.ActiveCfg = Release|Any CPU
		{9C713DC1-C93C-4E55-A074-437A37024228}.Release|x64.Build.0 = Release|Any CPU
		{9C713DC1-C93C-4E55-A074-437A37024228}.Release|x86.ActiveCfg = Release|Any CPU
		{9C713DC1-C93C-4E55-A074-437A37024228}.Release|x86.Build.0 = Release|Any CPU
		{070F9515-D8B1-4E37-8864-635D09EC3ECD}.Debug|Any CPU.ActiveCfg = Debug|Any CPU
		{070F9515-D8B1-4E37-8864-635D09EC3ECD}.Debug|Any CPU.Build.0 = Debug|Any CPU
		{070F9515-D8B1-4E37-8864-635D09EC3ECD}.Debug|x64.ActiveCfg = Debug|Any CPU
		{070F9515-D8B1-4E37-8864-635D09EC3ECD}.Debug|x64.Build.0 = Debug|Any CPU
		{070F9515-D8B1-4E37-8864-635D09EC3ECD}.Debug|x86.ActiveCfg = Debug|Any CPU
		{070F9515-D8B1-4E37-8864-635D09EC3ECD}.Debug|x86.Build.0 = Debug|Any CPU
		{070F9515-D8B1-4E37-8864-635D09EC3ECD}.Release|Any CPU.ActiveCfg = Release|Any CPU
		{070F9515-D8B1-4E37-8864-635D09EC3ECD}.Release|Any CPU.Build.0 = Release|Any CPU
		{070F9515-D8B1-4E37-8864-635D09EC3ECD}.Release|x64.ActiveCfg = Release|Any CPU
		{070F9515-D8B1-4E37-8864-635D09EC3ECD}.Release|x64.Build.0 = Release|Any CPU
		{070F9515-D8B1-4E37-8864-635D09EC3ECD}.Release|x86.ActiveCfg = Release|Any CPU
		{070F9515-D8B1-4E37-8864-635D09EC3ECD}.Release|x86.Build.0 = Release|Any CPU
		{AFFC69CD-3947-4D22-9B2B-F35D4FA61C48}.Debug|Any CPU.ActiveCfg = Debug|Any CPU
		{AFFC69CD-3947-4D22-9B2B-F35D4FA61C48}.Debug|Any CPU.Build.0 = Debug|Any CPU
		{AFFC69CD-3947-4D22-9B2B-F35D4FA61C48}.Debug|x64.ActiveCfg = Debug|Any CPU
		{AFFC69CD-3947-4D22-9B2B-F35D4FA61C48}.Debug|x64.Build.0 = Debug|Any CPU
		{AFFC69CD-3947-4D22-9B2B-F35D4FA61C48}.Debug|x86.ActiveCfg = Debug|Any CPU
		{AFFC69CD-3947-4D22-9B2B-F35D4FA61C48}.Debug|x86.Build.0 = Debug|Any CPU
		{AFFC69CD-3947-4D22-9B2B-F35D4FA61C48}.Release|Any CPU.ActiveCfg = Release|Any CPU
		{AFFC69CD-3947-4D22-9B2B-F35D4FA61C48}.Release|Any CPU.Build.0 = Release|Any CPU
		{AFFC69CD-3947-4D22-9B2B-F35D4FA61C48}.Release|x64.ActiveCfg = Release|Any CPU
		{AFFC69CD-3947-4D22-9B2B-F35D4FA61C48}.Release|x64.Build.0 = Release|Any CPU
		{AFFC69CD-3947-4D22-9B2B-F35D4FA61C48}.Release|x86.ActiveCfg = Release|Any CPU
		{AFFC69CD-3947-4D22-9B2B-F35D4FA61C48}.Release|x86.Build.0 = Release|Any CPU
		{BAAE4314-F117-4969-8143-7E9CB384EDB2}.Debug|Any CPU.ActiveCfg = Debug|Any CPU
		{BAAE4314-F117-4969-8143-7E9CB384EDB2}.Debug|Any CPU.Build.0 = Debug|Any CPU
		{BAAE4314-F117-4969-8143-7E9CB384EDB2}.Debug|x64.ActiveCfg = Debug|Any CPU
		{BAAE4314-F117-4969-8143-7E9CB384EDB2}.Debug|x64.Build.0 = Debug|Any CPU
		{BAAE4314-F117-4969-8143-7E9CB384EDB2}.Debug|x86.ActiveCfg = Debug|Any CPU
		{BAAE4314-F117-4969-8143-7E9CB384EDB2}.Debug|x86.Build.0 = Debug|Any CPU
		{BAAE4314-F117-4969-8143-7E9CB384EDB2}.Release|Any CPU.ActiveCfg = Release|Any CPU
		{BAAE4314-F117-4969-8143-7E9CB384EDB2}.Release|Any CPU.Build.0 = Release|Any CPU
		{BAAE4314-F117-4969-8143-7E9CB384EDB2}.Release|x64.ActiveCfg = Release|Any CPU
		{BAAE4314-F117-4969-8143-7E9CB384EDB2}.Release|x64.Build.0 = Release|Any CPU
		{BAAE4314-F117-4969-8143-7E9CB384EDB2}.Release|x86.ActiveCfg = Release|Any CPU
		{BAAE4314-F117-4969-8143-7E9CB384EDB2}.Release|x86.Build.0 = Release|Any CPU
		{DAB854F0-E86C-4119-A767-8300ADC32DFD}.Debug|Any CPU.ActiveCfg = Debug|Any CPU
		{DAB854F0-E86C-4119-A767-8300ADC32DFD}.Debug|Any CPU.Build.0 = Debug|Any CPU
		{DAB854F0-E86C-4119-A767-8300ADC32DFD}.Debug|x64.ActiveCfg = Debug|Any CPU
		{DAB854F0-E86C-4119-A767-8300ADC32DFD}.Debug|x64.Build.0 = Debug|Any CPU
		{DAB854F0-E86C-4119-A767-8300ADC32DFD}.Debug|x86.ActiveCfg = Debug|Any CPU
		{DAB854F0-E86C-4119-A767-8300ADC32DFD}.Debug|x86.Build.0 = Debug|Any CPU
		{DAB854F0-E86C-4119-A767-8300ADC32DFD}.Release|Any CPU.ActiveCfg = Release|Any CPU
		{DAB854F0-E86C-4119-A767-8300ADC32DFD}.Release|Any CPU.Build.0 = Release|Any CPU
		{DAB854F0-E86C-4119-A767-8300ADC32DFD}.Release|x64.ActiveCfg = Release|Any CPU
		{DAB854F0-E86C-4119-A767-8300ADC32DFD}.Release|x64.Build.0 = Release|Any CPU
		{DAB854F0-E86C-4119-A767-8300ADC32DFD}.Release|x86.ActiveCfg = Release|Any CPU
		{DAB854F0-E86C-4119-A767-8300ADC32DFD}.Release|x86.Build.0 = Release|Any CPU
		{AD52AA6F-7291-4417-8107-38F689BD5137}.Debug|Any CPU.ActiveCfg = Debug|Any CPU
		{AD52AA6F-7291-4417-8107-38F689BD5137}.Debug|Any CPU.Build.0 = Debug|Any CPU
		{AD52AA6F-7291-4417-8107-38F689BD5137}.Debug|x64.ActiveCfg = Debug|Any CPU
		{AD52AA6F-7291-4417-8107-38F689BD5137}.Debug|x64.Build.0 = Debug|Any CPU
		{AD52AA6F-7291-4417-8107-38F689BD5137}.Debug|x86.ActiveCfg = Debug|Any CPU
		{AD52AA6F-7291-4417-8107-38F689BD5137}.Debug|x86.Build.0 = Debug|Any CPU
		{AD52AA6F-7291-4417-8107-38F689BD5137}.Release|Any CPU.ActiveCfg = Release|Any CPU
		{AD52AA6F-7291-4417-8107-38F689BD5137}.Release|Any CPU.Build.0 = Release|Any CPU
		{AD52AA6F-7291-4417-8107-38F689BD5137}.Release|x64.ActiveCfg = Release|Any CPU
		{AD52AA6F-7291-4417-8107-38F689BD5137}.Release|x64.Build.0 = Release|Any CPU
		{AD52AA6F-7291-4417-8107-38F689BD5137}.Release|x86.ActiveCfg = Release|Any CPU
		{AD52AA6F-7291-4417-8107-38F689BD5137}.Release|x86.Build.0 = Release|Any CPU
		{B588981B-129D-4095-B464-7A3442B674DB}.Debug|Any CPU.ActiveCfg = Debug|Any CPU
		{B588981B-129D-4095-B464-7A3442B674DB}.Debug|Any CPU.Build.0 = Debug|Any CPU
		{B588981B-129D-4095-B464-7A3442B674DB}.Debug|x64.ActiveCfg = Debug|Any CPU
		{B588981B-129D-4095-B464-7A3442B674DB}.Debug|x64.Build.0 = Debug|Any CPU
		{B588981B-129D-4095-B464-7A3442B674DB}.Debug|x86.ActiveCfg = Debug|Any CPU
		{B588981B-129D-4095-B464-7A3442B674DB}.Debug|x86.Build.0 = Debug|Any CPU
		{B588981B-129D-4095-B464-7A3442B674DB}.Release|Any CPU.ActiveCfg = Release|Any CPU
		{B588981B-129D-4095-B464-7A3442B674DB}.Release|Any CPU.Build.0 = Release|Any CPU
		{B588981B-129D-4095-B464-7A3442B674DB}.Release|x64.ActiveCfg = Release|Any CPU
		{B588981B-129D-4095-B464-7A3442B674DB}.Release|x64.Build.0 = Release|Any CPU
		{B588981B-129D-4095-B464-7A3442B674DB}.Release|x86.ActiveCfg = Release|Any CPU
		{B588981B-129D-4095-B464-7A3442B674DB}.Release|x86.Build.0 = Release|Any CPU
		{EDF95FB6-BACB-4A5C-9E70-2E3273B333B7}.Debug|Any CPU.ActiveCfg = Debug|Any CPU
		{EDF95FB6-BACB-4A5C-9E70-2E3273B333B7}.Debug|Any CPU.Build.0 = Debug|Any CPU
		{EDF95FB6-BACB-4A5C-9E70-2E3273B333B7}.Debug|x64.ActiveCfg = Debug|Any CPU
		{EDF95FB6-BACB-4A5C-9E70-2E3273B333B7}.Debug|x64.Build.0 = Debug|Any CPU
		{EDF95FB6-BACB-4A5C-9E70-2E3273B333B7}.Debug|x86.ActiveCfg = Debug|Any CPU
		{EDF95FB6-BACB-4A5C-9E70-2E3273B333B7}.Debug|x86.Build.0 = Debug|Any CPU
		{EDF95FB6-BACB-4A5C-9E70-2E3273B333B7}.Release|Any CPU.ActiveCfg = Release|Any CPU
		{EDF95FB6-BACB-4A5C-9E70-2E3273B333B7}.Release|Any CPU.Build.0 = Release|Any CPU
		{EDF95FB6-BACB-4A5C-9E70-2E3273B333B7}.Release|x64.ActiveCfg = Release|Any CPU
		{EDF95FB6-BACB-4A5C-9E70-2E3273B333B7}.Release|x64.Build.0 = Release|Any CPU
		{EDF95FB6-BACB-4A5C-9E70-2E3273B333B7}.Release|x86.ActiveCfg = Release|Any CPU
		{EDF95FB6-BACB-4A5C-9E70-2E3273B333B7}.Release|x86.Build.0 = Release|Any CPU
		{489C7629-BB5F-4EA3-9FCE-F4C49493905A}.Debug|Any CPU.ActiveCfg = Debug|Any CPU
		{489C7629-BB5F-4EA3-9FCE-F4C49493905A}.Debug|Any CPU.Build.0 = Debug|Any CPU
		{489C7629-BB5F-4EA3-9FCE-F4C49493905A}.Debug|x64.ActiveCfg = Debug|Any CPU
		{489C7629-BB5F-4EA3-9FCE-F4C49493905A}.Debug|x64.Build.0 = Debug|Any CPU
		{489C7629-BB5F-4EA3-9FCE-F4C49493905A}.Debug|x86.ActiveCfg = Debug|Any CPU
		{489C7629-BB5F-4EA3-9FCE-F4C49493905A}.Debug|x86.Build.0 = Debug|Any CPU
		{489C7629-BB5F-4EA3-9FCE-F4C49493905A}.Release|Any CPU.ActiveCfg = Release|Any CPU
		{489C7629-BB5F-4EA3-9FCE-F4C49493905A}.Release|Any CPU.Build.0 = Release|Any CPU
		{489C7629-BB5F-4EA3-9FCE-F4C49493905A}.Release|x64.ActiveCfg = Release|Any CPU
		{489C7629-BB5F-4EA3-9FCE-F4C49493905A}.Release|x64.Build.0 = Release|Any CPU
		{489C7629-BB5F-4EA3-9FCE-F4C49493905A}.Release|x86.ActiveCfg = Release|Any CPU
		{489C7629-BB5F-4EA3-9FCE-F4C49493905A}.Release|x86.Build.0 = Release|Any CPU
		{0E5685A0-7FE7-4FD2-BC46-5B17453062C2}.Debug|Any CPU.ActiveCfg = Debug|Any CPU
		{0E5685A0-7FE7-4FD2-BC46-5B17453062C2}.Debug|Any CPU.Build.0 = Debug|Any CPU
		{0E5685A0-7FE7-4FD2-BC46-5B17453062C2}.Debug|x64.ActiveCfg = Debug|Any CPU
		{0E5685A0-7FE7-4FD2-BC46-5B17453062C2}.Debug|x64.Build.0 = Debug|Any CPU
		{0E5685A0-7FE7-4FD2-BC46-5B17453062C2}.Debug|x86.ActiveCfg = Debug|Any CPU
		{0E5685A0-7FE7-4FD2-BC46-5B17453062C2}.Debug|x86.Build.0 = Debug|Any CPU
		{0E5685A0-7FE7-4FD2-BC46-5B17453062C2}.Release|Any CPU.ActiveCfg = Release|Any CPU
		{0E5685A0-7FE7-4FD2-BC46-5B17453062C2}.Release|Any CPU.Build.0 = Release|Any CPU
		{0E5685A0-7FE7-4FD2-BC46-5B17453062C2}.Release|x64.ActiveCfg = Release|Any CPU
		{0E5685A0-7FE7-4FD2-BC46-5B17453062C2}.Release|x64.Build.0 = Release|Any CPU
		{0E5685A0-7FE7-4FD2-BC46-5B17453062C2}.Release|x86.ActiveCfg = Release|Any CPU
		{0E5685A0-7FE7-4FD2-BC46-5B17453062C2}.Release|x86.Build.0 = Release|Any CPU
	EndGlobalSection
	GlobalSection(SolutionProperties) = preSolution
		HideSolutionNode = FALSE
	EndGlobalSection
	GlobalSection(NestedProjects) = preSolution
		{45CA4D3F-132A-4EF7-B863-C4D5EDA528B6} = {827E0CD3-B72D-47B6-A68D-7590B98EB39B}
		{9C713DC1-C93C-4E55-A074-437A37024228} = {827E0CD3-B72D-47B6-A68D-7590B98EB39B}
		{070F9515-D8B1-4E37-8864-635D09EC3ECD} = {827E0CD3-B72D-47B6-A68D-7590B98EB39B}
		{AFFC69CD-3947-4D22-9B2B-F35D4FA61C48} = {827E0CD3-B72D-47B6-A68D-7590B98EB39B}
		{BAAE4314-F117-4969-8143-7E9CB384EDB2} = {827E0CD3-B72D-47B6-A68D-7590B98EB39B}
		{DAB854F0-E86C-4119-A767-8300ADC32DFD} = {827E0CD3-B72D-47B6-A68D-7590B98EB39B}
		{AD52AA6F-7291-4417-8107-38F689BD5137} = {827E0CD3-B72D-47B6-A68D-7590B98EB39B}
		{B588981B-129D-4095-B464-7A3442B674DB} = {827E0CD3-B72D-47B6-A68D-7590B98EB39B}
		{EDF95FB6-BACB-4A5C-9E70-2E3273B333B7} = {827E0CD3-B72D-47B6-A68D-7590B98EB39B}
		{489C7629-BB5F-4EA3-9FCE-F4C49493905A} = {827E0CD3-B72D-47B6-A68D-7590B98EB39B}
		{0E5685A0-7FE7-4FD2-BC46-5B17453062C2} = {827E0CD3-B72D-47B6-A68D-7590B98EB39B}
	EndGlobalSection
EndGlobal
